// !$*UTF8*$!
{
	archiveVersion = 1;
	classes = {
	};
	objectVersion = 56;
	objects = {

/* Begin PBXBuildFile section */
		5859653A29A26E83009386DC /* AppDelegate.swift in Sources */ = {isa = PBXBuildFile; fileRef = 5859653929A26E83009386DC /* AppDelegate.swift */; };
		5859653C29A26E83009386DC /* SceneDelegate.swift in Sources */ = {isa = PBXBuildFile; fileRef = 5859653B29A26E83009386DC /* SceneDelegate.swift */; };
		5859653E29A26E83009386DC /* MainVC.swift in Sources */ = {isa = PBXBuildFile; fileRef = 5859653D29A26E83009386DC /* MainVC.swift */; };
		5859654129A26E83009386DC /* Main.storyboard in Resources */ = {isa = PBXBuildFile; fileRef = 5859653F29A26E83009386DC /* Main.storyboard */; };
		5859654329A26E84009386DC /* Assets.xcassets in Resources */ = {isa = PBXBuildFile; fileRef = 5859654229A26E84009386DC /* Assets.xcassets */; };
		5859654629A26E84009386DC /* LaunchScreen.storyboard in Resources */ = {isa = PBXBuildFile; fileRef = 5859654429A26E84009386DC /* LaunchScreen.storyboard */; };
		5859655029A2725A009386DC /* CurrencyTextField.swift in Sources */ = {isa = PBXBuildFile; fileRef = 5859654F29A2725A009386DC /* CurrencyTextField.swift */; };
		58FF2C9D29AA45C200DCAAB9 /* window_shopperTests.swift in Sources */ = {isa = PBXBuildFile; fileRef = 58FF2C9C29AA45C200DCAAB9 /* window_shopperTests.swift */; };
		58FF2CA529AA460700DCAAB9 /* Wage.swift in Sources */ = {isa = PBXBuildFile; fileRef = 58FF2CA429AA460700DCAAB9 /* Wage.swift */; };
		58FF2CA629AA4A2300DCAAB9 /* Wage.swift in Sources */ = {isa = PBXBuildFile; fileRef = 58FF2CA429AA460700DCAAB9 /* Wage.swift */; };
/* End PBXBuildFile section */

/* Begin PBXContainerItemProxy section */
		58FF2C9E29AA45C200DCAAB9 /* PBXContainerItemProxy */ = {
			isa = PBXContainerItemProxy;
			containerPortal = 5859652E29A26E83009386DC /* Project object */;
			proxyType = 1;
			remoteGlobalIDString = 5859653529A26E83009386DC;
			remoteInfo = "window-shopper";
		};
/* End PBXContainerItemProxy section */

/* Begin PBXFileReference section */
		5859653629A26E83009386DC /* window-shopper.app */ = {isa = PBXFileReference; explicitFileType = wrapper.application; includeInIndex = 0; path = "window-shopper.app"; sourceTree = BUILT_PRODUCTS_DIR; };
		5859653929A26E83009386DC /* AppDelegate.swift */ = {isa = PBXFileReference; lastKnownFileType = sourcecode.swift; path = AppDelegate.swift; sourceTree = "<group>"; };
		5859653B29A26E83009386DC /* SceneDelegate.swift */ = {isa = PBXFileReference; lastKnownFileType = sourcecode.swift; path = SceneDelegate.swift; sourceTree = "<group>"; };
		5859653D29A26E83009386DC /* MainVC.swift */ = {isa = PBXFileReference; lastKnownFileType = sourcecode.swift; path = MainVC.swift; sourceTree = "<group>"; };
		5859654029A26E83009386DC /* Base */ = {isa = PBXFileReference; lastKnownFileType = file.storyboard; name = Base; path = Base.lproj/Main.storyboard; sourceTree = "<group>"; };
		5859654229A26E84009386DC /* Assets.xcassets */ = {isa = PBXFileReference; lastKnownFileType = folder.assetcatalog; path = Assets.xcassets; sourceTree = "<group>"; };
		5859654529A26E84009386DC /* Base */ = {isa = PBXFileReference; lastKnownFileType = file.storyboard; name = Base; path = Base.lproj/LaunchScreen.storyboard; sourceTree = "<group>"; };
		5859654729A26E84009386DC /* Info.plist */ = {isa = PBXFileReference; lastKnownFileType = text.plist.xml; path = Info.plist; sourceTree = "<group>"; };
		5859654F29A2725A009386DC /* CurrencyTextField.swift */ = {isa = PBXFileReference; lastKnownFileType = sourcecode.swift; path = CurrencyTextField.swift; sourceTree = "<group>"; };
		58FF2C9A29AA45C200DCAAB9 /* window-shopperTests.xctest */ = {isa = PBXFileReference; explicitFileType = wrapper.cfbundle; includeInIndex = 0; path = "window-shopperTests.xctest"; sourceTree = BUILT_PRODUCTS_DIR; };
		58FF2C9C29AA45C200DCAAB9 /* window_shopperTests.swift */ = {isa = PBXFileReference; lastKnownFileType = sourcecode.swift; path = window_shopperTests.swift; sourceTree = "<group>"; };
		58FF2CA429AA460700DCAAB9 /* Wage.swift */ = {isa = PBXFileReference; lastKnownFileType = sourcecode.swift; path = Wage.swift; sourceTree = "<group>"; };
/* End PBXFileReference section */

/* Begin PBXFrameworksBuildPhase section */
		5859653329A26E83009386DC /* Frameworks */ = {
			isa = PBXFrameworksBuildPhase;
			buildActionMask = 2147483647;
			files = (
			);
			runOnlyForDeploymentPostprocessing = 0;
		};
		58FF2C9729AA45C200DCAAB9 /* Frameworks */ = {
			isa = PBXFrameworksBuildPhase;
			buildActionMask = 2147483647;
			files = (
			);
			runOnlyForDeploymentPostprocessing = 0;
		};
/* End PBXFrameworksBuildPhase section */

/* Begin PBXGroup section */
		5859652D29A26E83009386DC = {
			isa = PBXGroup;
			children = (
				5859653829A26E83009386DC /* window-shopper */,
				58FF2C9B29AA45C200DCAAB9 /* window-shopperTests */,
				5859653729A26E83009386DC /* Products */,
			);
			sourceTree = "<group>";
		};
		5859653729A26E83009386DC /* Products */ = {
			isa = PBXGroup;
			children = (
				5859653629A26E83009386DC /* window-shopper.app */,
				58FF2C9A29AA45C200DCAAB9 /* window-shopperTests.xctest */,
			);
			name = Products;
			sourceTree = "<group>";
		};
		5859653829A26E83009386DC /* window-shopper */ = {
			isa = PBXGroup;
			children = (
				58FF2CA329AA45E200DCAAB9 /* Model */,
				5859654E29A27181009386DC /* View */,
				5859654D29A26FC4009386DC /* Controller */,
				5859653929A26E83009386DC /* AppDelegate.swift */,
				5859653B29A26E83009386DC /* SceneDelegate.swift */,
				5859653F29A26E83009386DC /* Main.storyboard */,
				5859654229A26E84009386DC /* Assets.xcassets */,
				5859654429A26E84009386DC /* LaunchScreen.storyboard */,
				5859654729A26E84009386DC /* Info.plist */,
			);
			path = "window-shopper";
			sourceTree = "<group>";
		};
		5859654D29A26FC4009386DC /* Controller */ = {
			isa = PBXGroup;
			children = (
				5859653D29A26E83009386DC /* MainVC.swift */,
			);
			path = Controller;
			sourceTree = "<group>";
		};
		5859654E29A27181009386DC /* View */ = {
			isa = PBXGroup;
			children = (
				5859654F29A2725A009386DC /* CurrencyTextField.swift */,
			);
			path = View;
			sourceTree = "<group>";
		};
		58FF2C9B29AA45C200DCAAB9 /* window-shopperTests */ = {
			isa = PBXGroup;
			children = (
				58FF2C9C29AA45C200DCAAB9 /* window_shopperTests.swift */,
			);
			path = "window-shopperTests";
			sourceTree = "<group>";
		};
		58FF2CA329AA45E200DCAAB9 /* Model */ = {
			isa = PBXGroup;
			children = (
				58FF2CA429AA460700DCAAB9 /* Wage.swift */,
			);
			path = Model;
			sourceTree = "<group>";
		};
/* End PBXGroup section */

/* Begin PBXNativeTarget section */
		5859653529A26E83009386DC /* window-shopper */ = {
			isa = PBXNativeTarget;
			buildConfigurationList = 5859654A29A26E84009386DC /* Build configuration list for PBXNativeTarget "window-shopper" */;
			buildPhases = (
				5859653229A26E83009386DC /* Sources */,
				5859653329A26E83009386DC /* Frameworks */,
				5859653429A26E83009386DC /* Resources */,
			);
			buildRules = (
			);
			dependencies = (
			);
			name = "window-shopper";
			productName = "window-shopper";
			productReference = 5859653629A26E83009386DC /* window-shopper.app */;
			productType = "com.apple.product-type.application";
		};
		58FF2C9929AA45C200DCAAB9 /* window-shopperTests */ = {
			isa = PBXNativeTarget;
			buildConfigurationList = 58FF2CA229AA45C200DCAAB9 /* Build configuration list for PBXNativeTarget "window-shopperTests" */;
			buildPhases = (
				58FF2C9629AA45C200DCAAB9 /* Sources */,
				58FF2C9729AA45C200DCAAB9 /* Frameworks */,
				58FF2C9829AA45C200DCAAB9 /* Resources */,
			);
			buildRules = (
			);
			dependencies = (
				58FF2C9F29AA45C200DCAAB9 /* PBXTargetDependency */,
			);
			name = "window-shopperTests";
			productName = "window-shopperTests";
			productReference = 58FF2C9A29AA45C200DCAAB9 /* window-shopperTests.xctest */;
			productType = "com.apple.product-type.bundle.unit-test";
		};
/* End PBXNativeTarget section */

/* Begin PBXProject section */
		5859652E29A26E83009386DC /* Project object */ = {
			isa = PBXProject;
			attributes = {
				BuildIndependentTargetsInParallel = 1;
				LastSwiftUpdateCheck = 1410;
				LastUpgradeCheck = 1410;
				TargetAttributes = {
					5859653529A26E83009386DC = {
						CreatedOnToolsVersion = 14.1;
					};
					58FF2C9929AA45C200DCAAB9 = {
						CreatedOnToolsVersion = 14.1;
						TestTargetID = 5859653529A26E83009386DC;
					};
				};
			};
			buildConfigurationList = 5859653129A26E83009386DC /* Build configuration list for PBXProject "window-shopper" */;
			compatibilityVersion = "Xcode 14.0";
			developmentRegion = en;
			hasScannedForEncodings = 0;
			knownRegions = (
				en,
				Base,
			);
			mainGroup = 5859652D29A26E83009386DC;
			productRefGroup = 5859653729A26E83009386DC /* Products */;
			projectDirPath = "";
			projectRoot = "";
			targets = (
				5859653529A26E83009386DC /* window-shopper */,
				58FF2C9929AA45C200DCAAB9 /* window-shopperTests */,
			);
		};
/* End PBXProject section */

/* Begin PBXResourcesBuildPhase section */
		5859653429A26E83009386DC /* Resources */ = {
			isa = PBXResourcesBuildPhase;
			buildActionMask = 2147483647;
			files = (
				5859654629A26E84009386DC /* LaunchScreen.storyboard in Resources */,
				5859654329A26E84009386DC /* Assets.xcassets in Resources */,
				5859654129A26E83009386DC /* Main.storyboard in Resources */,
			);
			runOnlyForDeploymentPostprocessing = 0;
		};
		58FF2C9829AA45C200DCAAB9 /* Resources */ = {
			isa = PBXResourcesBuildPhase;
			buildActionMask = 2147483647;
			files = (
			);
			runOnlyForDeploymentPostprocessing = 0;
		};
/* End PBXResourcesBuildPhase section */

/* Begin PBXSourcesBuildPhase section */
		5859653229A26E83009386DC /* Sources */ = {
			isa = PBXSourcesBuildPhase;
			buildActionMask = 2147483647;
			files = (
				5859653E29A26E83009386DC /* MainVC.swift in Sources */,
				5859653A29A26E83009386DC /* AppDelegate.swift in Sources */,
				58FF2CA529AA460700DCAAB9 /* Wage.swift in Sources */,
				5859655029A2725A009386DC /* CurrencyTextField.swift in Sources */,
				5859653C29A26E83009386DC /* SceneDelegate.swift in Sources */,
			);
			runOnlyForDeploymentPostprocessing = 0;
		};
		58FF2C9629AA45C200DCAAB9 /* Sources */ = {
			isa = PBXSourcesBuildPhase;
			buildActionMask = 2147483647;
			files = (
				58FF2C9D29AA45C200DCAAB9 /* window_shopperTests.swift in Sources */,
				58FF2CA629AA4A2300DCAAB9 /* Wage.swift in Sources */,
			);
			runOnlyForDeploymentPostprocessing = 0;
		};
/* End PBXSourcesBuildPhase section */

/* Begin PBXTargetDependency section */
		58FF2C9F29AA45C200DCAAB9 /* PBXTargetDependency */ = {
			isa = PBXTargetDependency;
			target = 5859653529A26E83009386DC /* window-shopper */;
			targetProxy = 58FF2C9E29AA45C200DCAAB9 /* PBXContainerItemProxy */;
		};
/* End PBXTargetDependency section */

/* Begin PBXVariantGroup section */
		5859653F29A26E83009386DC /* Main.storyboard */ = {
			isa = PBXVariantGroup;
			children = (
				5859654029A26E83009386DC /* Base */,
			);
			name = Main.storyboard;
			sourceTree = "<group>";
		};
		5859654429A26E84009386DC /* LaunchScreen.storyboard */ = {
			isa = PBXVariantGroup;
			children = (
				5859654529A26E84009386DC /* Base */,
			);
			name = LaunchScreen.storyboard;
			sourceTree = "<group>";
		};
/* End PBXVariantGroup section */

/* Begin XCBuildConfiguration section */
		5859654829A26E84009386DC /* Debug */ = {
			isa = XCBuildConfiguration;
			buildSettings = {
				ALWAYS_SEARCH_USER_PATHS = NO;
				CLANG_ANALYZER_NONNULL = YES;
				CLANG_ANALYZER_NUMBER_OBJECT_CONVERSION = YES_AGGRESSIVE;
				CLANG_CXX_LANGUAGE_STANDARD = "gnu++20";
				CLANG_ENABLE_MODULES = YES;
				CLANG_ENABLE_OBJC_ARC = YES;
				CLANG_ENABLE_OBJC_WEAK = YES;
				CLANG_WARN_BLOCK_CAPTURE_AUTORELEASING = YES;
				CLANG_WARN_BOOL_CONVERSION = YES;
				CLANG_WARN_COMMA = YES;
				CLANG_WARN_CONSTANT_CONVERSION = YES;
				CLANG_WARN_DEPRECATED_OBJC_IMPLEMENTATIONS = YES;
				CLANG_WARN_DIRECT_OBJC_ISA_USAGE = YES_ERROR;
				CLANG_WARN_DOCUMENTATION_COMMENTS = YES;
				CLANG_WARN_EMPTY_BODY = YES;
				CLANG_WARN_ENUM_CONVERSION = YES;
				CLANG_WARN_INFINITE_RECURSION = YES;
				CLANG_WARN_INT_CONVERSION = YES;
				CLANG_WARN_NON_LITERAL_NULL_CONVERSION = YES;
				CLANG_WARN_OBJC_IMPLICIT_RETAIN_SELF = YES;
				CLANG_WARN_OBJC_LITERAL_CONVERSION = YES;
				CLANG_WARN_OBJC_ROOT_CLASS = YES_ERROR;
				CLANG_WARN_QUOTED_INCLUDE_IN_FRAMEWORK_HEADER = YES;
				CLANG_WARN_RANGE_LOOP_ANALYSIS = YES;
				CLANG_WARN_STRICT_PROTOTYPES = YES;
				CLANG_WARN_SUSPICIOUS_MOVE = YES;
				CLANG_WARN_UNGUARDED_AVAILABILITY = YES_AGGRESSIVE;
				CLANG_WARN_UNREACHABLE_CODE = YES;
				CLANG_WARN__DUPLICATE_METHOD_MATCH = YES;
				COPY_PHASE_STRIP = NO;
				DEBUG_INFORMATION_FORMAT = dwarf;
				ENABLE_STRICT_OBJC_MSGSEND = YES;
				ENABLE_TESTABILITY = YES;
				GCC_C_LANGUAGE_STANDARD = gnu11;
				GCC_DYNAMIC_NO_PIC = NO;
				GCC_NO_COMMON_BLOCKS = YES;
				GCC_OPTIMIZATION_LEVEL = 0;
				GCC_PREPROCESSOR_DEFINITIONS = (
					"DEBUG=1",
					"$(inherited)",
				);
				GCC_WARN_64_TO_32_BIT_CONVERSION = YES;
				GCC_WARN_ABOUT_RETURN_TYPE = YES_ERROR;
				GCC_WARN_UNDECLARED_SELECTOR = YES;
				GCC_WARN_UNINITIALIZED_AUTOS = YES_AGGRESSIVE;
				GCC_WARN_UNUSED_FUNCTION = YES;
				GCC_WARN_UNUSED_VARIABLE = YES;
				IPHONEOS_DEPLOYMENT_TARGET = 16.1;
				MTL_ENABLE_DEBUG_INFO = INCLUDE_SOURCE;
				MTL_FAST_MATH = YES;
				ONLY_ACTIVE_ARCH = YES;
				SDKROOT = iphoneos;
				SWIFT_ACTIVE_COMPILATION_CONDITIONS = DEBUG;
				SWIFT_OPTIMIZATION_LEVEL = "-Onone";
			};
			name = Debug;
		};
		5859654929A26E84009386DC /* Release */ = {
			isa = XCBuildConfiguration;
			buildSettings = {
				ALWAYS_SEARCH_USER_PATHS = NO;
				CLANG_ANALYZER_NONNULL = YES;
				CLANG_ANALYZER_NUMBER_OBJECT_CONVERSION = YES_AGGRESSIVE;
				CLANG_CXX_LANGUAGE_STANDARD = "gnu++20";
				CLANG_ENABLE_MODULES = YES;
				CLANG_ENABLE_OBJC_ARC = YES;
				CLANG_ENABLE_OBJC_WEAK = YES;
				CLANG_WARN_BLOCK_CAPTURE_AUTORELEASING = YES;
				CLANG_WARN_BOOL_CONVERSION = YES;
				CLANG_WARN_COMMA = YES;
				CLANG_WARN_CONSTANT_CONVERSION = YES;
				CLANG_WARN_DEPRECATED_OBJC_IMPLEMENTATIONS = YES;
				CLANG_WARN_DIRECT_OBJC_ISA_USAGE = YES_ERROR;
				CLANG_WARN_DOCUMENTATION_COMMENTS = YES;
				CLANG_WARN_EMPTY_BODY = YES;
				CLANG_WARN_ENUM_CONVERSION = YES;
				CLANG_WARN_INFINITE_RECURSION = YES;
				CLANG_WARN_INT_CONVERSION = YES;
				CLANG_WARN_NON_LITERAL_NULL_CONVERSION = YES;
				CLANG_WARN_OBJC_IMPLICIT_RETAIN_SELF = YES;
				CLANG_WARN_OBJC_LITERAL_CONVERSION = YES;
				CLANG_WARN_OBJC_ROOT_CLASS = YES_ERROR;
				CLANG_WARN_QUOTED_INCLUDE_IN_FRAMEWORK_HEADER = YES;
				CLANG_WARN_RANGE_LOOP_ANALYSIS = YES;
				CLANG_WARN_STRICT_PROTOTYPES = YES;
				CLANG_WARN_SUSPICIOUS_MOVE = YES;
				CLANG_WARN_UNGUARDED_AVAILABILITY = YES_AGGRESSIVE;
				CLANG_WARN_UNREACHABLE_CODE = YES;
				CLANG_WARN__DUPLICATE_METHOD_MATCH = YES;
				COPY_PHASE_STRIP = NO;
				DEBUG_INFORMATION_FORMAT = "dwarf-with-dsym";
				ENABLE_NS_ASSERTIONS = NO;
				ENABLE_STRICT_OBJC_MSGSEND = YES;
				GCC_C_LANGUAGE_STANDARD = gnu11;
				GCC_NO_COMMON_BLOCKS = YES;
				GCC_WARN_64_TO_32_BIT_CONVERSION = YES;
				GCC_WARN_ABOUT_RETURN_TYPE = YES_ERROR;
				GCC_WARN_UNDECLARED_SELECTOR = YES;
				GCC_WARN_UNINITIALIZED_AUTOS = YES_AGGRESSIVE;
				GCC_WARN_UNUSED_FUNCTION = YES;
				GCC_WARN_UNUSED_VARIABLE = YES;
				IPHONEOS_DEPLOYMENT_TARGET = 16.1;
				MTL_ENABLE_DEBUG_INFO = NO;
				MTL_FAST_MATH = YES;
				SDKROOT = iphoneos;
				SWIFT_COMPILATION_MODE = wholemodule;
				SWIFT_OPTIMIZATION_LEVEL = "-O";
				VALIDATE_PRODUCT = YES;
			};
			name = Release;
		};
		5859654B29A26E84009386DC /* Debug */ = {
			isa = XCBuildConfiguration;
			buildSettings = {
				ASSETCATALOG_COMPILER_APPICON_NAME = AppIcon;
				ASSETCATALOG_COMPILER_GLOBAL_ACCENT_COLOR_NAME = AccentColor;
				CODE_SIGN_STYLE = Automatic;
				CURRENT_PROJECT_VERSION = 1;
				DEVELOPMENT_TEAM = T789KD825A;
				GENERATE_INFOPLIST_FILE = YES;
				INFOPLIST_FILE = "window-shopper/Info.plist";
				INFOPLIST_KEY_UIApplicationSupportsIndirectInputEvents = YES;
				INFOPLIST_KEY_UILaunchStoryboardName = LaunchScreen;
				INFOPLIST_KEY_UIMainStoryboardFile = Main;
				INFOPLIST_KEY_UISupportedInterfaceOrientations_iPad = "UIInterfaceOrientationPortrait UIInterfaceOrientationPortraitUpsideDown UIInterfaceOrientationLandscapeLeft UIInterfaceOrientationLandscapeRight";
				INFOPLIST_KEY_UISupportedInterfaceOrientations_iPhone = "UIInterfaceOrientationPortrait UIInterfaceOrientationLandscapeLeft UIInterfaceOrientationLandscapeRight";
				LD_RUNPATH_SEARCH_PATHS = (
					"$(inherited)",
					"@executable_path/Frameworks",
				);
				MARKETING_VERSION = 1.0;
				PRODUCT_BUNDLE_IDENTIFIER = "com.Yashika.window-shopper";
				PRODUCT_NAME = "$(TARGET_NAME)";
				SWIFT_EMIT_LOC_STRINGS = YES;
				SWIFT_VERSION = 5.0;
				TARGETED_DEVICE_FAMILY = "1,2";
			};
			name = Debug;
		};
		5859654C29A26E84009386DC /* Release */ = {
			isa = XCBuildConfiguration;
			buildSettings = {
				ASSETCATALOG_COMPILER_APPICON_NAME = AppIcon;
				ASSETCATALOG_COMPILER_GLOBAL_ACCENT_COLOR_NAME = AccentColor;
				CODE_SIGN_STYLE = Automatic;
				CURRENT_PROJECT_VERSION = 1;
				DEVELOPMENT_TEAM = T789KD825A;
				GENERATE_INFOPLIST_FILE = YES;
				INFOPLIST_FILE = "window-shopper/Info.plist";
				INFOPLIST_KEY_UIApplicationSupportsIndirectInputEvents = YES;
				INFOPLIST_KEY_UILaunchStoryboardName = LaunchScreen;
				INFOPLIST_KEY_UIMainStoryboardFile = Main;
				INFOPLIST_KEY_UISupportedInterfaceOrientations_iPad = "UIInterfaceOrientationPortrait UIInterfaceOrientationPortraitUpsideDown UIInterfaceOrientationLandscapeLeft UIInterfaceOrientationLandscapeRight";
				INFOPLIST_KEY_UISupportedInterfaceOrientations_iPhone = "UIInterfaceOrientationPortrait UIInterfaceOrientationLandscapeLeft UIInterfaceOrientationLandscapeRight";
				LD_RUNPATH_SEARCH_PATHS = (
					"$(inherited)",
					"@executable_path/Frameworks",
				);
				MARKETING_VERSION = 1.0;
				PRODUCT_BUNDLE_IDENTIFIER = "com.Yashika.window-shopper";
				PRODUCT_NAME = "$(TARGET_NAME)";
				SWIFT_EMIT_LOC_STRINGS = YES;
				SWIFT_VERSION = 5.0;
				TARGETED_DEVICE_FAMILY = "1,2";
			};
			name = Release;
		};
		58FF2CA029AA45C200DCAAB9 /* Debug */ = {
			isa = XCBuildConfiguration;
			buildSettings = {
				BUNDLE_LOADER = "$(TEST_HOST)";
				CODE_SIGN_STYLE = Automatic;
				CURRENT_PROJECT_VERSION = 1;
				DEVELOPMENT_TEAM = T789KD825A;
				GENERATE_INFOPLIST_FILE = YES;
				MARKETING_VERSION = 1.0;
				PRODUCT_BUNDLE_IDENTIFIER = "com.Yashika.window-shopperTests";
				PRODUCT_NAME = "$(TARGET_NAME)";
				SWIFT_EMIT_LOC_STRINGS = NO;
				SWIFT_VERSION = 5.0;
				TARGETED_DEVICE_FAMILY = "1,2";
				TEST_HOST = "$(BUILT_PRODUCTS_DIR)/window-shopper.app/$(BUNDLE_EXECUTABLE_FOLDER_PATH)/window-shopper";
			};
			name = Debug;
		};
		58FF2CA129AA45C200DCAAB9 /* Release */ = {
			isa = XCBuildConfiguration;
			buildSettings = {
				BUNDLE_LOADER = "$(TEST_HOST)";
				CODE_SIGN_STYLE = Automatic;
				CURRENT_PROJECT_VERSION = 1;
				DEVELOPMENT_TEAM = T789KD825A;
				GENERATE_INFOPLIST_FILE = YES;
				MARKETING_VERSION = 1.0;
				PRODUCT_BUNDLE_IDENTIFIER = "com.Yashika.window-shopperTests";
				PRODUCT_NAME = "$(TARGET_NAME)";
				SWIFT_EMIT_LOC_STRINGS = NO;
				SWIFT_VERSION = 5.0;
				TARGETED_DEVICE_FAMILY = "1,2";
				TEST_HOST = "$(BUILT_PRODUCTS_DIR)/window-shopper.app/$(BUNDLE_EXECUTABLE_FOLDER_PATH)/window-shopper";
			};
			name = Release;
		};
/* End XCBuildConfiguration section */

/* Begin XCConfigurationList section */
		5859653129A26E83009386DC /* Build configuration list for PBXProject "window-shopper" */ = {
			isa = XCConfigurationList;
			buildConfigurations = (
				5859654829A26E84009386DC /* Debug */,
				5859654929A26E84009386DC /* Release */,
			);
			defaultConfigurationIsVisible = 0;
			defaultConfigurationName = Release;
		};
		5859654A29A26E84009386DC /* Build configuration list for PBXNativeTarget "window-shopper" */ = {
			isa = XCConfigurationList;
			buildConfigurations = (
				5859654B29A26E84009386DC /* Debug */,
				5859654C29A26E84009386DC /* Release */,
			);
			defaultConfigurationIsVisible = 0;
			defaultConfigurationName = Release;
		};
		58FF2CA229AA45C200DCAAB9 /* Build configuration list for PBXNativeTarget "window-shopperTests" */ = {
			isa = XCConfigurationList;
			buildConfigurations = (
				58FF2CA029AA45C200DCAAB9 /* Debug */,
				58FF2CA129AA45C200DCAAB9 /* Release */,
			);
			defaultConfigurationIsVisible = 0;
			defaultConfigurationName = Release;
		};
/* End XCConfigurationList section */
	};
	rootObject = 5859652E29A26E83009386DC /* Project object */;
}
